
Microsoft Visual Studio Solution File, Format Version 12.00
# Visual Studio 15
VisualStudioVersion = 15.0.27004.2009
MinimumVisualStudioVersion = 10.0.40219.1
Project("{FAE04EC0-301F-11D3-BF4B-00C04F79EFBC}") = "TODO-WebAPI", "TODO-WebAPI\TODO-WebAPI.csproj", "{622808EE-4885-413F-ADE0-7AF42FF74C7A}"
EndProject
Project("{FAE04EC0-301F-11D3-BF4B-00C04F79EFBC}") = "Bootstrap", "..\..\..\Downloads\RAIN\Homework\Bootstrap\Bootstrap\Bootstrap.csproj", "{F04B84A7-D9E5-43E9-B744-AFA45D93F2CF}"
EndProject
Global
	GlobalSection(SolutionConfigurationPlatforms) = preSolution
		Debug|Any CPU = Debug|Any CPU
		Release|Any CPU = Release|Any CPU
	EndGlobalSection
	GlobalSection(ProjectConfigurationPlatforms) = postSolution
		{622808EE-4885-413F-ADE0-7AF42FF74C7A}.Debug|Any CPU.ActiveCfg = Debug|Any CPU
		{622808EE-4885-413F-ADE0-7AF42FF74C7A}.Debug|Any CPU.Build.0 = Debug|Any CPU
		{622808EE-4885-413F-ADE0-7AF42FF74C7A}.Release|Any CPU.ActiveCfg = Release|Any CPU
		{622808EE-4885-413F-ADE0-7AF42FF74C7A}.Release|Any CPU.Build.0 = Release|Any CPU
		{F04B84A7-D9E5-43E9-B744-AFA45D93F2CF}.Debug|Any CPU.ActiveCfg = Debug|Any CPU
		{F04B84A7-D9E5-43E9-B744-AFA45D93F2CF}.Debug|Any CPU.Build.0 = Debug|Any CPU
		{F04B84A7-D9E5-43E9-B744-AFA45D93F2CF}.Release|Any CPU.ActiveCfg = Release|Any CPU
		{F04B84A7-D9E5-43E9-B744-AFA45D93F2CF}.Release|Any CPU.Build.0 = Release|Any CPU
	EndGlobalSection
	GlobalSection(SolutionProperties) = preSolution
		HideSolutionNode = FALSE
	EndGlobalSection
	GlobalSection(ExtensibilityGlobals) = postSolution
		SolutionGuid = {1047E4DE-BB8C-4D2D-B4F4-5F5CA150A4C2}
	EndGlobalSection
EndGlobal
